
Microsoft Visual Studio Solution File, Format Version 12.00
# Visual Studio Version 17
VisualStudioVersion = 17.11.35327.3
MinimumVisualStudioVersion = 10.0.40219.1
Project("{FAE04EC0-301F-11D3-BF4B-00C04F79EFBC}") = "ROB5 MES System", "ROB5 MES System\ROB5 MES System.csproj", "{A9537E1F-F368-42E1-9E97-9538B5016175}"
EndProject
Global
	GlobalSection(SolutionConfigurationPlatforms) = preSolution
		Debug|Any CPU = Debug|Any CPU
		Release|Any CPU = Release|Any CPU
	EndGlobalSection
	GlobalSection(ProjectConfigurationPlatforms) = postSolution
		{A9537E1F-F368-42E1-9E97-9538B5016175}.Debug|Any CPU.ActiveCfg = Debug|Any CPU
		{A9537E1F-F368-42E1-9E97-9538B5016175}.Debug|Any CPU.Build.0 = Debug|Any CPU
		{A9537E1F-F368-42E1-9E97-9538B5016175}.Release|Any CPU.ActiveCfg = Release|Any CPU
		{A9537E1F-F368-42E1-9E97-9538B5016175}.Release|Any CPU.Build.0 = Release|Any CPU
	EndGlobalSection
	GlobalSection(SolutionProperties) = preSolution
		HideSolutionNode = FALSE
	EndGlobalSection
	GlobalSection(ExtensibilityGlobals) = postSolution
		SolutionGuid = {5DE0B47B-B5A1-4C3E-AEAE-2028B07B32C8}
	EndGlobalSection
EndGlobal
