
Microsoft Visual Studio Solution File, Format Version 12.00
# Visual Studio Version 17
VisualStudioVersion = 17.11.35327.3
MinimumVisualStudioVersion = 10.0.40219.1
Project("{FAE04EC0-301F-11D3-BF4B-00C04F79EFBC}") = "mysql_database", "mysql_database\mysql_database.csproj", "{4692AFAD-539F-4DF7-AD8B-26C089FADBFB}"
EndProject
Global
	GlobalSection(SolutionConfigurationPlatforms) = preSolution
		Debug|Any CPU = Debug|Any CPU
		Release|Any CPU = Release|Any CPU
	EndGlobalSection
	GlobalSection(ProjectConfigurationPlatforms) = postSolution
		{4692AFAD-539F-4DF7-AD8B-26C089FADBFB}.Debug|Any CPU.ActiveCfg = Debug|Any CPU
		{4692AFAD-539F-4DF7-AD8B-26C089FADBFB}.Debug|Any CPU.Build.0 = Debug|Any CPU
		{4692AFAD-539F-4DF7-AD8B-26C089FADBFB}.Release|Any CPU.ActiveCfg = Release|Any CPU
		{4692AFAD-539F-4DF7-AD8B-26C089FADBFB}.Release|Any CPU.Build.0 = Release|Any CPU
	EndGlobalSection
	GlobalSection(SolutionProperties) = preSolution
		HideSolutionNode = FALSE
	EndGlobalSection
	GlobalSection(ExtensibilityGlobals) = postSolution
		SolutionGuid = {52DE3601-659D-401D-B625-DDFB8B229C92}
	EndGlobalSection
EndGlobal
